// !$*UTF8*$!
{
	archiveVersion = 1;
	classes = {
	};
	objectVersion = 56;
	objects = {

/* Begin PBXBuildFile section */
		B2B1D054295617D100572024 /* StoreAppApp.swift in Sources */ = {isa = PBXBuildFile; fileRef = B2B1D053295617D100572024 /* StoreAppApp.swift */; };
		B2B1D056295617D100572024 /* ContentView.swift in Sources */ = {isa = PBXBuildFile; fileRef = B2B1D055295617D100572024 /* ContentView.swift */; };
		B2B1D058295617D200572024 /* Assets.xcassets in Resources */ = {isa = PBXBuildFile; fileRef = B2B1D057295617D200572024 /* Assets.xcassets */; };
		B2B1D05B295617D200572024 /* Preview Assets.xcassets in Resources */ = {isa = PBXBuildFile; fileRef = B2B1D05A295617D200572024 /* Preview Assets.xcassets */; };
		B2B1D0632956196D00572024 /* URL+Extension.swift in Sources */ = {isa = PBXBuildFile; fileRef = B2B1D0622956196D00572024 /* URL+Extension.swift */; };
		B2B1D06629561CF100572024 /* StoreHttpClient.swift in Sources */ = {isa = PBXBuildFile; fileRef = B2B1D06529561CF100572024 /* StoreHttpClient.swift */; };
		B2B1D06929561D5800572024 /* Category.swift in Sources */ = {isa = PBXBuildFile; fileRef = B2B1D06829561D5800572024 /* Category.swift */; };
		B2B1D06B2956223400572024 /* StoreModel.swift in Sources */ = {isa = PBXBuildFile; fileRef = B2B1D06A2956223400572024 /* StoreModel.swift */; };
		B2B1D06E2957636300572024 /* CategoryListScreen.swift in Sources */ = {isa = PBXBuildFile; fileRef = B2B1D06D2957636300572024 /* CategoryListScreen.swift */; };
		B2B1D07029576E0E00572024 /* Product.swift in Sources */ = {isa = PBXBuildFile; fileRef = B2B1D06F29576E0E00572024 /* Product.swift */; };
		B2B1D0722958B84800572024 /* ProductListScreen.swift in Sources */ = {isa = PBXBuildFile; fileRef = B2B1D0712958B84800572024 /* ProductListScreen.swift */; };
		B2B1D0752958C18F00572024 /* ProductCellView.swift in Sources */ = {isa = PBXBuildFile; fileRef = B2B1D0742958C18F00572024 /* ProductCellView.swift */; };
		B2B1D0772958C34100572024 /* Locale+Extension.swift in Sources */ = {isa = PBXBuildFile; fileRef = B2B1D0762958C34100572024 /* Locale+Extension.swift */; };
		B2B1D079295B55FE00572024 /* AddProductScreen.swift in Sources */ = {isa = PBXBuildFile; fileRef = B2B1D078295B55FE00572024 /* AddProductScreen.swift */; };
/* End PBXBuildFile section */

/* Begin PBXFileReference section */
		B2B1D050295617D100572024 /* StoreApp.app */ = {isa = PBXFileReference; explicitFileType = wrapper.application; includeInIndex = 0; path = StoreApp.app; sourceTree = BUILT_PRODUCTS_DIR; };
		B2B1D053295617D100572024 /* StoreAppApp.swift */ = {isa = PBXFileReference; lastKnownFileType = sourcecode.swift; path = StoreAppApp.swift; sourceTree = "<group>"; };
		B2B1D055295617D100572024 /* ContentView.swift */ = {isa = PBXFileReference; lastKnownFileType = sourcecode.swift; path = ContentView.swift; sourceTree = "<group>"; };
		B2B1D057295617D200572024 /* Assets.xcassets */ = {isa = PBXFileReference; lastKnownFileType = folder.assetcatalog; path = Assets.xcassets; sourceTree = "<group>"; };
		B2B1D05A295617D200572024 /* Preview Assets.xcassets */ = {isa = PBXFileReference; lastKnownFileType = folder.assetcatalog; path = "Preview Assets.xcassets"; sourceTree = "<group>"; };
		B2B1D0622956196D00572024 /* URL+Extension.swift */ = {isa = PBXFileReference; lastKnownFileType = sourcecode.swift; path = "URL+Extension.swift"; sourceTree = "<group>"; };
		B2B1D06529561CF100572024 /* StoreHttpClient.swift */ = {isa = PBXFileReference; lastKnownFileType = sourcecode.swift; path = StoreHttpClient.swift; sourceTree = "<group>"; };
		B2B1D06829561D5800572024 /* Category.swift */ = {isa = PBXFileReference; lastKnownFileType = sourcecode.swift; path = Category.swift; sourceTree = "<group>"; };
		B2B1D06A2956223400572024 /* StoreModel.swift */ = {isa = PBXFileReference; lastKnownFileType = sourcecode.swift; path = StoreModel.swift; sourceTree = "<group>"; };
		B2B1D06D2957636300572024 /* CategoryListScreen.swift */ = {isa = PBXFileReference; lastKnownFileType = sourcecode.swift; path = CategoryListScreen.swift; sourceTree = "<group>"; };
		B2B1D06F29576E0E00572024 /* Product.swift */ = {isa = PBXFileReference; lastKnownFileType = sourcecode.swift; path = Product.swift; sourceTree = "<group>"; };
		B2B1D0712958B84800572024 /* ProductListScreen.swift */ = {isa = PBXFileReference; lastKnownFileType = sourcecode.swift; path = ProductListScreen.swift; sourceTree = "<group>"; };
		B2B1D0742958C18F00572024 /* ProductCellView.swift */ = {isa = PBXFileReference; lastKnownFileType = sourcecode.swift; path = ProductCellView.swift; sourceTree = "<group>"; };
		B2B1D0762958C34100572024 /* Locale+Extension.swift */ = {isa = PBXFileReference; lastKnownFileType = sourcecode.swift; path = "Locale+Extension.swift"; sourceTree = "<group>"; };
		B2B1D078295B55FE00572024 /* AddProductScreen.swift */ = {isa = PBXFileReference; lastKnownFileType = sourcecode.swift; path = AddProductScreen.swift; sourceTree = "<group>"; };
/* End PBXFileReference section */

/* Begin PBXFrameworksBuildPhase section */
		B2B1D04D295617D100572024 /* Frameworks */ = {
			isa = PBXFrameworksBuildPhase;
			buildActionMask = 2147483647;
			files = (
			);
			runOnlyForDeploymentPostprocessing = 0;
		};
/* End PBXFrameworksBuildPhase section */

/* Begin PBXGroup section */
		B2B1D047295617D100572024 = {
			isa = PBXGroup;
			children = (
				B2B1D052295617D100572024 /* StoreApp */,
				B2B1D051295617D100572024 /* Products */,
			);
			sourceTree = "<group>";
		};
		B2B1D051295617D100572024 /* Products */ = {
			isa = PBXGroup;
			children = (
				B2B1D050295617D100572024 /* StoreApp.app */,
			);
			name = Products;
			sourceTree = "<group>";
		};
		B2B1D052295617D100572024 /* StoreApp */ = {
			isa = PBXGroup;
			children = (
				B2B1D0732958C17D00572024 /* Views */,
				B2B1D06C2957634100572024 /* Screens */,
				B2B1D06729561D3C00572024 /* Models */,
				B2B1D06429561CDF00572024 /* Clients */,
				B2B1D0612956194D00572024 /* Extensions */,
				B2B1D053295617D100572024 /* StoreAppApp.swift */,
				B2B1D055295617D100572024 /* ContentView.swift */,
				B2B1D057295617D200572024 /* Assets.xcassets */,
				B2B1D059295617D200572024 /* Preview Content */,
			);
			path = StoreApp;
			sourceTree = "<group>";
		};
		B2B1D059295617D200572024 /* Preview Content */ = {
			isa = PBXGroup;
			children = (
				B2B1D05A295617D200572024 /* Preview Assets.xcassets */,
			);
			path = "Preview Content";
			sourceTree = "<group>";
		};
		B2B1D0612956194D00572024 /* Extensions */ = {
			isa = PBXGroup;
			children = (
				B2B1D0622956196D00572024 /* URL+Extension.swift */,
				B2B1D0762958C34100572024 /* Locale+Extension.swift */,
			);
			path = Extensions;
			sourceTree = "<group>";
		};
		B2B1D06429561CDF00572024 /* Clients */ = {
			isa = PBXGroup;
			children = (
				B2B1D06529561CF100572024 /* StoreHttpClient.swift */,
			);
			path = Clients;
			sourceTree = "<group>";
		};
		B2B1D06729561D3C00572024 /* Models */ = {
			isa = PBXGroup;
			children = (
				B2B1D06829561D5800572024 /* Category.swift */,
				B2B1D06A2956223400572024 /* StoreModel.swift */,
				B2B1D06F29576E0E00572024 /* Product.swift */,
			);
			path = Models;
			sourceTree = "<group>";
		};
		B2B1D06C2957634100572024 /* Screens */ = {
			isa = PBXGroup;
			children = (
				B2B1D06D2957636300572024 /* CategoryListScreen.swift */,
				B2B1D078295B55FE00572024 /* AddProductScreen.swift */,
				B2B1D0712958B84800572024 /* ProductListScreen.swift */,
			);
			path = Screens;
			sourceTree = "<group>";
		};
		B2B1D0732958C17D00572024 /* Views */ = {
			isa = PBXGroup;
			children = (
				B2B1D0742958C18F00572024 /* ProductCellView.swift */,
			);
			path = Views;
			sourceTree = "<group>";
		};
/* End PBXGroup section */

/* Begin PBXNativeTarget section */
		B2B1D04F295617D100572024 /* StoreApp */ = {
			isa = PBXNativeTarget;
			buildConfigurationList = B2B1D05E295617D200572024 /* Build configuration list for PBXNativeTarget "StoreApp" */;
			buildPhases = (
				B2B1D04C295617D100572024 /* Sources */,
				B2B1D04D295617D100572024 /* Frameworks */,
				B2B1D04E295617D100572024 /* Resources */,
			);
			buildRules = (
			);
			dependencies = (
			);
			name = StoreApp;
			productName = StoreApp;
			productReference = B2B1D050295617D100572024 /* StoreApp.app */;
			productType = "com.apple.product-type.application";
		};
/* End PBXNativeTarget section */

/* Begin PBXProject section */
		B2B1D048295617D100572024 /* Project object */ = {
			isa = PBXProject;
			attributes = {
				BuildIndependentTargetsInParallel = 1;
				LastSwiftUpdateCheck = 1420;
				LastUpgradeCheck = 1420;
				TargetAttributes = {
					B2B1D04F295617D100572024 = {
						CreatedOnToolsVersion = 14.2;
					};
				};
			};
			buildConfigurationList = B2B1D04B295617D100572024 /* Build configuration list for PBXProject "StoreApp" */;
			compatibilityVersion = "Xcode 14.0";
			developmentRegion = en;
			hasScannedForEncodings = 0;
			knownRegions = (
				en,
				Base,
			);
			mainGroup = B2B1D047295617D100572024;
			productRefGroup = B2B1D051295617D100572024 /* Products */;
			projectDirPath = "";
			projectRoot = "";
			targets = (
				B2B1D04F295617D100572024 /* StoreApp */,
			);
		};
/* End PBXProject section */

/* Begin PBXResourcesBuildPhase section */
		B2B1D04E295617D100572024 /* Resources */ = {
			isa = PBXResourcesBuildPhase;
			buildActionMask = 2147483647;
			files = (
				B2B1D05B295617D200572024 /* Preview Assets.xcassets in Resources */,
				B2B1D058295617D200572024 /* Assets.xcassets in Resources */,
			);
			runOnlyForDeploymentPostprocessing = 0;
		};
/* End PBXResourcesBuildPhase section */

/* Begin PBXSourcesBuildPhase section */
		B2B1D04C295617D100572024 /* Sources */ = {
			isa = PBXSourcesBuildPhase;
			buildActionMask = 2147483647;
			files = (
				B2B1D06629561CF100572024 /* StoreHttpClient.swift in Sources */,
				B2B1D07029576E0E00572024 /* Product.swift in Sources */,
				B2B1D0772958C34100572024 /* Locale+Extension.swift in Sources */,
				B2B1D06929561D5800572024 /* Category.swift in Sources */,
				B2B1D056295617D100572024 /* ContentView.swift in Sources */,
				B2B1D0752958C18F00572024 /* ProductCellView.swift in Sources */,
				B2B1D0722958B84800572024 /* ProductListScreen.swift in Sources */,
				B2B1D079295B55FE00572024 /* AddProductScreen.swift in Sources */,
				B2B1D054295617D100572024 /* StoreAppApp.swift in Sources */,
				B2B1D0632956196D00572024 /* URL+Extension.swift in Sources */,
				B2B1D06E2957636300572024 /* CategoryListScreen.swift in Sources */,
				B2B1D06B2956223400572024 /* StoreModel.swift in Sources */,
			);
			runOnlyForDeploymentPostprocessing = 0;
		};
/* End PBXSourcesBuildPhase section */

/* Begin XCBuildConfiguration section */
		B2B1D05C295617D200572024 /* Debug */ = {
			isa = XCBuildConfiguration;
			buildSettings = {
				ALWAYS_SEARCH_USER_PATHS = NO;
				CLANG_ANALYZER_NONNULL = YES;
				CLANG_ANALYZER_NUMBER_OBJECT_CONVERSION = YES_AGGRESSIVE;
				CLANG_CXX_LANGUAGE_STANDARD = "gnu++20";
				CLANG_ENABLE_MODULES = YES;
				CLANG_ENABLE_OBJC_ARC = YES;
				CLANG_ENABLE_OBJC_WEAK = YES;
				CLANG_WARN_BLOCK_CAPTURE_AUTORELEASING = YES;
				CLANG_WARN_BOOL_CONVERSION = YES;
				CLANG_WARN_COMMA = YES;
				CLANG_WARN_CONSTANT_CONVERSION = YES;
				CLANG_WARN_DEPRECATED_OBJC_IMPLEMENTATIONS = YES;
				CLANG_WARN_DIRECT_OBJC_ISA_USAGE = YES_ERROR;
				CLANG_WARN_DOCUMENTATION_COMMENTS = YES;
				CLANG_WARN_EMPTY_BODY = YES;
				CLANG_WARN_ENUM_CONVERSION = YES;
				CLANG_WARN_INFINITE_RECURSION = YES;
				CLANG_WARN_INT_CONVERSION = YES;
				CLANG_WARN_NON_LITERAL_NULL_CONVERSION = YES;
				CLANG_WARN_OBJC_IMPLICIT_RETAIN_SELF = YES;
				CLANG_WARN_OBJC_LITERAL_CONVERSION = YES;
				CLANG_WARN_OBJC_ROOT_CLASS = YES_ERROR;
				CLANG_WARN_QUOTED_INCLUDE_IN_FRAMEWORK_HEADER = YES;
				CLANG_WARN_RANGE_LOOP_ANALYSIS = YES;
				CLANG_WARN_STRICT_PROTOTYPES = YES;
				CLANG_WARN_SUSPICIOUS_MOVE = YES;
				CLANG_WARN_UNGUARDED_AVAILABILITY = YES_AGGRESSIVE;
				CLANG_WARN_UNREACHABLE_CODE = YES;
				CLANG_WARN__DUPLICATE_METHOD_MATCH = YES;
				COPY_PHASE_STRIP = NO;
				DEBUG_INFORMATION_FORMAT = dwarf;
				ENABLE_STRICT_OBJC_MSGSEND = YES;
				ENABLE_TESTABILITY = YES;
				GCC_C_LANGUAGE_STANDARD = gnu11;
				GCC_DYNAMIC_NO_PIC = NO;
				GCC_NO_COMMON_BLOCKS = YES;
				GCC_OPTIMIZATION_LEVEL = 0;
				GCC_PREPROCESSOR_DEFINITIONS = (
					"DEBUG=1",
					"$(inherited)",
				);
				GCC_WARN_64_TO_32_BIT_CONVERSION = YES;
				GCC_WARN_ABOUT_RETURN_TYPE = YES_ERROR;
				GCC_WARN_UNDECLARED_SELECTOR = YES;
				GCC_WARN_UNINITIALIZED_AUTOS = YES_AGGRESSIVE;
				GCC_WARN_UNUSED_FUNCTION = YES;
				GCC_WARN_UNUSED_VARIABLE = YES;
				IPHONEOS_DEPLOYMENT_TARGET = 16.2;
				MTL_ENABLE_DEBUG_INFO = INCLUDE_SOURCE;
				MTL_FAST_MATH = YES;
				ONLY_ACTIVE_ARCH = YES;
				SDKROOT = iphoneos;
				SWIFT_ACTIVE_COMPILATION_CONDITIONS = DEBUG;
				SWIFT_OPTIMIZATION_LEVEL = "-Onone";
			};
			name = Debug;
		};
		B2B1D05D295617D200572024 /* Release */ = {
			isa = XCBuildConfiguration;
			buildSettings = {
				ALWAYS_SEARCH_USER_PATHS = NO;
				CLANG_ANALYZER_NONNULL = YES;
				CLANG_ANALYZER_NUMBER_OBJECT_CONVERSION = YES_AGGRESSIVE;
				CLANG_CXX_LANGUAGE_STANDARD = "gnu++20";
				CLANG_ENABLE_MODULES = YES;
				CLANG_ENABLE_OBJC_ARC = YES;
				CLANG_ENABLE_OBJC_WEAK = YES;
				CLANG_WARN_BLOCK_CAPTURE_AUTORELEASING = YES;
				CLANG_WARN_BOOL_CONVERSION = YES;
				CLANG_WARN_COMMA = YES;
				CLANG_WARN_CONSTANT_CONVERSION = YES;
				CLANG_WARN_DEPRECATED_OBJC_IMPLEMENTATIONS = YES;
				CLANG_WARN_DIRECT_OBJC_ISA_USAGE = YES_ERROR;
				CLANG_WARN_DOCUMENTATION_COMMENTS = YES;
				CLANG_WARN_EMPTY_BODY = YES;
				CLANG_WARN_ENUM_CONVERSION = YES;
				CLANG_WARN_INFINITE_RECURSION = YES;
				CLANG_WARN_INT_CONVERSION = YES;
				CLANG_WARN_NON_LITERAL_NULL_CONVERSION = YES;
				CLANG_WARN_OBJC_IMPLICIT_RETAIN_SELF = YES;
				CLANG_WARN_OBJC_LITERAL_CONVERSION = YES;
				CLANG_WARN_OBJC_ROOT_CLASS = YES_ERROR;
				CLANG_WARN_QUOTED_INCLUDE_IN_FRAMEWORK_HEADER = YES;
				CLANG_WARN_RANGE_LOOP_ANALYSIS = YES;
				CLANG_WARN_STRICT_PROTOTYPES = YES;
				CLANG_WARN_SUSPICIOUS_MOVE = YES;
				CLANG_WARN_UNGUARDED_AVAILABILITY = YES_AGGRESSIVE;
				CLANG_WARN_UNREACHABLE_CODE = YES;
				CLANG_WARN__DUPLICATE_METHOD_MATCH = YES;
				COPY_PHASE_STRIP = NO;
				DEBUG_INFORMATION_FORMAT = "dwarf-with-dsym";
				ENABLE_NS_ASSERTIONS = NO;
				ENABLE_STRICT_OBJC_MSGSEND = YES;
				GCC_C_LANGUAGE_STANDARD = gnu11;
				GCC_NO_COMMON_BLOCKS = YES;
				GCC_WARN_64_TO_32_BIT_CONVERSION = YES;
				GCC_WARN_ABOUT_RETURN_TYPE = YES_ERROR;
				GCC_WARN_UNDECLARED_SELECTOR = YES;
				GCC_WARN_UNINITIALIZED_AUTOS = YES_AGGRESSIVE;
				GCC_WARN_UNUSED_FUNCTION = YES;
				GCC_WARN_UNUSED_VARIABLE = YES;
				IPHONEOS_DEPLOYMENT_TARGET = 16.2;
				MTL_ENABLE_DEBUG_INFO = NO;
				MTL_FAST_MATH = YES;
				SDKROOT = iphoneos;
				SWIFT_COMPILATION_MODE = wholemodule;
				SWIFT_OPTIMIZATION_LEVEL = "-O";
				VALIDATE_PRODUCT = YES;
			};
			name = Release;
		};
		B2B1D05F295617D200572024 /* Debug */ = {
			isa = XCBuildConfiguration;
			buildSettings = {
				ASSETCATALOG_COMPILER_APPICON_NAME = AppIcon;
				ASSETCATALOG_COMPILER_GLOBAL_ACCENT_COLOR_NAME = AccentColor;
				CODE_SIGN_STYLE = Automatic;
				CURRENT_PROJECT_VERSION = 1;
				DEVELOPMENT_ASSET_PATHS = "\"StoreApp/Preview Content\"";
				ENABLE_PREVIEWS = YES;
				GENERATE_INFOPLIST_FILE = YES;
				INFOPLIST_KEY_UIApplicationSceneManifest_Generation = YES;
				INFOPLIST_KEY_UIApplicationSupportsIndirectInputEvents = YES;
				INFOPLIST_KEY_UILaunchScreen_Generation = YES;
				INFOPLIST_KEY_UISupportedInterfaceOrientations_iPad = "UIInterfaceOrientationPortrait UIInterfaceOrientationPortraitUpsideDown UIInterfaceOrientationLandscapeLeft UIInterfaceOrientationLandscapeRight";
				INFOPLIST_KEY_UISupportedInterfaceOrientations_iPhone = "UIInterfaceOrientationPortrait UIInterfaceOrientationLandscapeLeft UIInterfaceOrientationLandscapeRight";
				LD_RUNPATH_SEARCH_PATHS = (
					"$(inherited)",
					"@executable_path/Frameworks",
				);
				MARKETING_VERSION = 1.0;
				PRODUCT_BUNDLE_IDENTIFIER = "LVS-Technologies.StoreApp";
				PRODUCT_NAME = "$(TARGET_NAME)";
				SWIFT_EMIT_LOC_STRINGS = YES;
				SWIFT_VERSION = 5.0;
				TARGETED_DEVICE_FAMILY = "1,2";
			};
			name = Debug;
		};
		B2B1D060295617D200572024 /* Release */ = {
			isa = XCBuildConfiguration;
			buildSettings = {
				ASSETCATALOG_COMPILER_APPICON_NAME = AppIcon;
				ASSETCATALOG_COMPILER_GLOBAL_ACCENT_COLOR_NAME = AccentColor;
				CODE_SIGN_STYLE = Automatic;
				CURRENT_PROJECT_VERSION = 1;
				DEVELOPMENT_ASSET_PATHS = "\"StoreApp/Preview Content\"";
				ENABLE_PREVIEWS = YES;
				GENERATE_INFOPLIST_FILE = YES;
				INFOPLIST_KEY_UIApplicationSceneManifest_Generation = YES;
				INFOPLIST_KEY_UIApplicationSupportsIndirectInputEvents = YES;
				INFOPLIST_KEY_UILaunchScreen_Generation = YES;
				INFOPLIST_KEY_UISupportedInterfaceOrientations_iPad = "UIInterfaceOrientationPortrait UIInterfaceOrientationPortraitUpsideDown UIInterfaceOrientationLandscapeLeft UIInterfaceOrientationLandscapeRight";
				INFOPLIST_KEY_UISupportedInterfaceOrientations_iPhone = "UIInterfaceOrientationPortrait UIInterfaceOrientationLandscapeLeft UIInterfaceOrientationLandscapeRight";
				LD_RUNPATH_SEARCH_PATHS = (
					"$(inherited)",
					"@executable_path/Frameworks",
				);
				MARKETING_VERSION = 1.0;
				PRODUCT_BUNDLE_IDENTIFIER = "LVS-Technologies.StoreApp";
				PRODUCT_NAME = "$(TARGET_NAME)";
				SWIFT_EMIT_LOC_STRINGS = YES;
				SWIFT_VERSION = 5.0;
				TARGETED_DEVICE_FAMILY = "1,2";
			};
			name = Release;
		};
/* End XCBuildConfiguration section */

/* Begin XCConfigurationList section */
		B2B1D04B295617D100572024 /* Build configuration list for PBXProject "StoreApp" */ = {
			isa = XCConfigurationList;
			buildConfigurations = (
				B2B1D05C295617D200572024 /* Debug */,
				B2B1D05D295617D200572024 /* Release */,
			);
			defaultConfigurationIsVisible = 0;
			defaultConfigurationName = Release;
		};
		B2B1D05E295617D200572024 /* Build configuration list for PBXNativeTarget "StoreApp" */ = {
			isa = XCConfigurationList;
			buildConfigurations = (
				B2B1D05F295617D200572024 /* Debug */,
				B2B1D060295617D200572024 /* Release */,
			);
			defaultConfigurationIsVisible = 0;
			defaultConfigurationName = Release;
		};
/* End XCConfigurationList section */
	};
	rootObject = B2B1D048295617D100572024 /* Project object */;
}
